
Microsoft Visual Studio Solution File, Format Version 12.00
# Visual Studio Version 17
VisualStudioVersion = 17.1.32319.34
MinimumVisualStudioVersion = 10.0.40219.1
Project("{9A19103F-16F7-4668-BE54-9A1E7A4F7556}") = "DegiskenTanimlama", "DegiskenTanimlama\DegiskenTanimlama.csproj", "{F2E9B63A-3C68-403F-9079-352353F2CA6A}"
EndProject
Project("{2150E333-8FDC-42A3-9474-1A3956D46DE8}") = "1.Gün", "1.Gün", "{F7B41948-9D0F-4164-8C09-C96F9ADA11FF}"
EndProject
Project("{2150E333-8FDC-42A3-9474-1A3956D46DE8}") = "2.Gün", "2.Gün", "{153A3799-4DD6-420A-9BE7-B0F7A55BF3E3}"
EndProject
Project("{9A19103F-16F7-4668-BE54-9A1E7A4F7556}") = "HataYonetimi", "HataYonetimi\HataYonetimi.csproj", "{826FFEC1-4332-44C4-AEF7-712E964341D6}"
EndProject
Project("{9A19103F-16F7-4668-BE54-9A1E7A4F7556}") = "KararYapılarıVeDöngüler", "KararYapılarıVeDöngüler\KararYapılarıVeDöngüler.csproj", "{2239EE0D-4F10-4A7B-BB14-F84DD176EFC4}"
EndProject
Project("{9A19103F-16F7-4668-BE54-9A1E7A4F7556}") = "randevu saati çıktısı", "randevu saati çıktısı\randevu saati çıktısı.csproj", "{68D48ABC-1EB2-4984-B51B-7886A10C57E8}"
EndProject
Project("{9A19103F-16F7-4668-BE54-9A1E7A4F7556}") = "DizilerVeKoleksiyonlar", "DizilerVeKoleksiyonlar\DizilerVeKoleksiyonlar.csproj", "{423E7FB5-F5CD-4337-A98C-E29917AA19A7}"
EndProject
Project("{9A19103F-16F7-4668-BE54-9A1E7A4F7556}") = "Ödev", "Ödev\Ödev.csproj", "{B7571F31-B569-4231-96C0-89BB911AA7A5}"
EndProject
Project("{2150E333-8FDC-42A3-9474-1A3956D46DE8}") = "3. Gün", "3. Gün", "{1672625B-7453-457D-9EC3-675CC3EA6F61}"
EndProject
Project("{9A19103F-16F7-4668-BE54-9A1E7A4F7556}") = "CokBoyutluDiziler", "CokBoyutluDiziler\CokBoyutluDiziler.csproj", "{0B110383-0951-4D5B-AD92-0F7038875E2C}"
EndProject
Project("{9A19103F-16F7-4668-BE54-9A1E7A4F7556}") = "MethodKullanımı", "MethodKullanımı\MethodKullanımı.csproj", "{22859C10-3F22-4B2C-8681-3AA682ED7145}"
EndProject
Project("{2150E333-8FDC-42A3-9474-1A3956D46DE8}") = "4.Gün", "4.Gün", "{1DA55E1F-49C7-4A9D-909E-6273AFB1CBB2}"
	ProjectSection(SolutionItems) = preProject
		CinAliCizimi\AdamAsmaca.cs = CinAliCizimi\AdamAsmaca.cs
	EndProjectSection
EndProject
Project("{FAE04EC0-301F-11D3-BF4B-00C04F79EFBC}") = "CinAliCizimi", "CinAliCizimi\CinAliCizimi.csproj", "{A2EAEE31-4286-47B3-B501-0D23B665166E}"
EndProject
Project("{2150E333-8FDC-42A3-9474-1A3956D46DE8}") = "4.Ödev", "4.Ödev", "{E1E3D207-554F-4788-89E8-03FB1D3FE78E}"
EndProject
Project("{FAE04EC0-301F-11D3-BF4B-00C04F79EFBC}") = "AdamAsmaca", "AdamAsmaca\AdamAsmaca.csproj", "{76F3AC9E-89BE-4FEF-9A05-374D1360D1FB}"
EndProject
Project("{2150E333-8FDC-42A3-9474-1A3956D46DE8}") = "Helper", "Helper", "{0381FDAC-4D35-4E0C-A1D7-539F589FEFA4}"
	ProjectSection(SolutionItems) = preProject
		Class1.cs = Class1.cs
	EndProjectSection
EndProject
Project("{FAE04EC0-301F-11D3-BF4B-00C04F79EFBC}") = "OOP GİRİS", "OOP GİRİS\OOP GİRİS.csproj", "{99662EE3-45C8-4D91-AE74-CA9D5AB7616E}"
EndProject
Global
	GlobalSection(SolutionConfigurationPlatforms) = preSolution
		Debug|Any CPU = Debug|Any CPU
		Release|Any CPU = Release|Any CPU
	EndGlobalSection
	GlobalSection(ProjectConfigurationPlatforms) = postSolution
		{F2E9B63A-3C68-403F-9079-352353F2CA6A}.Debug|Any CPU.ActiveCfg = Debug|Any CPU
		{F2E9B63A-3C68-403F-9079-352353F2CA6A}.Debug|Any CPU.Build.0 = Debug|Any CPU
		{F2E9B63A-3C68-403F-9079-352353F2CA6A}.Release|Any CPU.ActiveCfg = Release|Any CPU
		{F2E9B63A-3C68-403F-9079-352353F2CA6A}.Release|Any CPU.Build.0 = Release|Any CPU
		{826FFEC1-4332-44C4-AEF7-712E964341D6}.Debug|Any CPU.ActiveCfg = Debug|Any CPU
		{826FFEC1-4332-44C4-AEF7-712E964341D6}.Debug|Any CPU.Build.0 = Debug|Any CPU
		{826FFEC1-4332-44C4-AEF7-712E964341D6}.Release|Any CPU.ActiveCfg = Release|Any CPU
		{826FFEC1-4332-44C4-AEF7-712E964341D6}.Release|Any CPU.Build.0 = Release|Any CPU
		{2239EE0D-4F10-4A7B-BB14-F84DD176EFC4}.Debug|Any CPU.ActiveCfg = Debug|Any CPU
		{2239EE0D-4F10-4A7B-BB14-F84DD176EFC4}.Debug|Any CPU.Build.0 = Debug|Any CPU
		{2239EE0D-4F10-4A7B-BB14-F84DD176EFC4}.Release|Any CPU.ActiveCfg = Release|Any CPU
		{2239EE0D-4F10-4A7B-BB14-F84DD176EFC4}.Release|Any CPU.Build.0 = Release|Any CPU
		{68D48ABC-1EB2-4984-B51B-7886A10C57E8}.Debug|Any CPU.ActiveCfg = Debug|Any CPU
		{68D48ABC-1EB2-4984-B51B-7886A10C57E8}.Debug|Any CPU.Build.0 = Debug|Any CPU
		{68D48ABC-1EB2-4984-B51B-7886A10C57E8}.Release|Any CPU.ActiveCfg = Release|Any CPU
		{68D48ABC-1EB2-4984-B51B-7886A10C57E8}.Release|Any CPU.Build.0 = Release|Any CPU
		{423E7FB5-F5CD-4337-A98C-E29917AA19A7}.Debug|Any CPU.ActiveCfg = Debug|Any CPU
		{423E7FB5-F5CD-4337-A98C-E29917AA19A7}.Debug|Any CPU.Build.0 = Debug|Any CPU
		{423E7FB5-F5CD-4337-A98C-E29917AA19A7}.Release|Any CPU.ActiveCfg = Release|Any CPU
		{423E7FB5-F5CD-4337-A98C-E29917AA19A7}.Release|Any CPU.Build.0 = Release|Any CPU
		{B7571F31-B569-4231-96C0-89BB911AA7A5}.Debug|Any CPU.ActiveCfg = Debug|Any CPU
		{B7571F31-B569-4231-96C0-89BB911AA7A5}.Debug|Any CPU.Build.0 = Debug|Any CPU
		{B7571F31-B569-4231-96C0-89BB911AA7A5}.Release|Any CPU.ActiveCfg = Release|Any CPU
		{B7571F31-B569-4231-96C0-89BB911AA7A5}.Release|Any CPU.Build.0 = Release|Any CPU
		{0B110383-0951-4D5B-AD92-0F7038875E2C}.Debug|Any CPU.ActiveCfg = Debug|Any CPU
		{0B110383-0951-4D5B-AD92-0F7038875E2C}.Debug|Any CPU.Build.0 = Debug|Any CPU
		{0B110383-0951-4D5B-AD92-0F7038875E2C}.Release|Any CPU.ActiveCfg = Release|Any CPU
		{0B110383-0951-4D5B-AD92-0F7038875E2C}.Release|Any CPU.Build.0 = Release|Any CPU
		{22859C10-3F22-4B2C-8681-3AA682ED7145}.Debug|Any CPU.ActiveCfg = Debug|Any CPU
		{22859C10-3F22-4B2C-8681-3AA682ED7145}.Debug|Any CPU.Build.0 = Debug|Any CPU
		{22859C10-3F22-4B2C-8681-3AA682ED7145}.Release|Any CPU.ActiveCfg = Release|Any CPU
		{22859C10-3F22-4B2C-8681-3AA682ED7145}.Release|Any CPU.Build.0 = Release|Any CPU
		{A2EAEE31-4286-47B3-B501-0D23B665166E}.Debug|Any CPU.ActiveCfg = Debug|Any CPU
		{A2EAEE31-4286-47B3-B501-0D23B665166E}.Debug|Any CPU.Build.0 = Debug|Any CPU
		{A2EAEE31-4286-47B3-B501-0D23B665166E}.Release|Any CPU.ActiveCfg = Release|Any CPU
		{A2EAEE31-4286-47B3-B501-0D23B665166E}.Release|Any CPU.Build.0 = Release|Any CPU
		{76F3AC9E-89BE-4FEF-9A05-374D1360D1FB}.Debug|Any CPU.ActiveCfg = Debug|Any CPU
		{76F3AC9E-89BE-4FEF-9A05-374D1360D1FB}.Debug|Any CPU.Build.0 = Debug|Any CPU
		{76F3AC9E-89BE-4FEF-9A05-374D1360D1FB}.Release|Any CPU.ActiveCfg = Release|Any CPU
		{76F3AC9E-89BE-4FEF-9A05-374D1360D1FB}.Release|Any CPU.Build.0 = Release|Any CPU
		{99662EE3-45C8-4D91-AE74-CA9D5AB7616E}.Debug|Any CPU.ActiveCfg = Debug|Any CPU
		{99662EE3-45C8-4D91-AE74-CA9D5AB7616E}.Debug|Any CPU.Build.0 = Debug|Any CPU
		{99662EE3-45C8-4D91-AE74-CA9D5AB7616E}.Release|Any CPU.ActiveCfg = Release|Any CPU
		{99662EE3-45C8-4D91-AE74-CA9D5AB7616E}.Release|Any CPU.Build.0 = Release|Any CPU
	EndGlobalSection
	GlobalSection(SolutionProperties) = preSolution
		HideSolutionNode = FALSE
	EndGlobalSection
	GlobalSection(NestedProjects) = preSolution
		{F2E9B63A-3C68-403F-9079-352353F2CA6A} = {F7B41948-9D0F-4164-8C09-C96F9ADA11FF}
		{826FFEC1-4332-44C4-AEF7-712E964341D6} = {153A3799-4DD6-420A-9BE7-B0F7A55BF3E3}
		{2239EE0D-4F10-4A7B-BB14-F84DD176EFC4} = {153A3799-4DD6-420A-9BE7-B0F7A55BF3E3}
		{68D48ABC-1EB2-4984-B51B-7886A10C57E8} = {153A3799-4DD6-420A-9BE7-B0F7A55BF3E3}
		{423E7FB5-F5CD-4337-A98C-E29917AA19A7} = {153A3799-4DD6-420A-9BE7-B0F7A55BF3E3}
		{B7571F31-B569-4231-96C0-89BB911AA7A5} = {153A3799-4DD6-420A-9BE7-B0F7A55BF3E3}
		{0B110383-0951-4D5B-AD92-0F7038875E2C} = {1672625B-7453-457D-9EC3-675CC3EA6F61}
		{22859C10-3F22-4B2C-8681-3AA682ED7145} = {1672625B-7453-457D-9EC3-675CC3EA6F61}
		{A2EAEE31-4286-47B3-B501-0D23B665166E} = {1DA55E1F-49C7-4A9D-909E-6273AFB1CBB2}
		{76F3AC9E-89BE-4FEF-9A05-374D1360D1FB} = {E1E3D207-554F-4788-89E8-03FB1D3FE78E}
		{0381FDAC-4D35-4E0C-A1D7-539F589FEFA4} = {E1E3D207-554F-4788-89E8-03FB1D3FE78E}
	EndGlobalSection
	GlobalSection(ExtensibilityGlobals) = postSolution
		SolutionGuid = {F64D6591-85F3-4595-85F6-86290DB55B41}
	EndGlobalSection
EndGlobal
